
Microsoft Visual Studio Solution File, Format Version 12.00
# Visual Studio Version 17
VisualStudioVersion = 17.14.36109.1
MinimumVisualStudioVersion = 10.0.40219.1
Project("{FAE04EC0-301F-11D3-BF4B-00C04F79EFBC}") = "FelipeDiasAzevedo.TCS", "FelipeDiasAzevedo.TCS\FelipeDiasAzevedo.TCS.csproj", "{8AC30A17-960F-49DF-864A-B0122619E200}"
EndProject
Project("{FAE04EC0-301F-11D3-BF4B-00C04F79EFBC}") = "FelipeDiasAzevedo.TCS.Business", "FelipeDiasAzevedo.TCS.Services\FelipeDiasAzevedo.TCS.Business.csproj", "{108251FE-9BEC-4C4B-B084-869740E03CE3}"
EndProject
Project("{FAE04EC0-301F-11D3-BF4B-00C04F79EFBC}") = "FelipeDiasAzevedo.TCS.Infra", "FelipeDiasAzevedo.TCS.Infra\FelipeDiasAzevedo.TCS.Infra.csproj", "{17947606-3930-4637-8D16-F136943A4060}"
EndProject
Global
	GlobalSection(SolutionConfigurationPlatforms) = preSolution
		Debug|Any CPU = Debug|Any CPU
		Release|Any CPU = Release|Any CPU
	EndGlobalSection
	GlobalSection(ProjectConfigurationPlatforms) = postSolution
		{8AC30A17-960F-49DF-864A-B0122619E200}.Debug|Any CPU.ActiveCfg = Debug|Any CPU
		{8AC30A17-960F-49DF-864A-B0122619E200}.Debug|Any CPU.Build.0 = Debug|Any CPU
		{8AC30A17-960F-49DF-864A-B0122619E200}.Release|Any CPU.ActiveCfg = Release|Any CPU
		{8AC30A17-960F-49DF-864A-B0122619E200}.Release|Any CPU.Build.0 = Release|Any CPU
		{108251FE-9BEC-4C4B-B084-869740E03CE3}.Debug|Any CPU.ActiveCfg = Debug|Any CPU
		{108251FE-9BEC-4C4B-B084-869740E03CE3}.Debug|Any CPU.Build.0 = Debug|Any CPU
		{108251FE-9BEC-4C4B-B084-869740E03CE3}.Release|Any CPU.ActiveCfg = Release|Any CPU
		{108251FE-9BEC-4C4B-B084-869740E03CE3}.Release|Any CPU.Build.0 = Release|Any CPU
		{17947606-3930-4637-8D16-F136943A4060}.Debug|Any CPU.ActiveCfg = Debug|Any CPU
		{17947606-3930-4637-8D16-F136943A4060}.Debug|Any CPU.Build.0 = Debug|Any CPU
		{17947606-3930-4637-8D16-F136943A4060}.Release|Any CPU.ActiveCfg = Release|Any CPU
		{17947606-3930-4637-8D16-F136943A4060}.Release|Any CPU.Build.0 = Release|Any CPU
	EndGlobalSection
	GlobalSection(SolutionProperties) = preSolution
		HideSolutionNode = FALSE
	EndGlobalSection
	GlobalSection(ExtensibilityGlobals) = postSolution
		SolutionGuid = {048F8CEB-061F-4355-90E4-2E4559B02170}
	EndGlobalSection
EndGlobal
